
Microsoft Visual Studio Solution File, Format Version 12.00
# Visual Studio 15
VisualStudioVersion = 15.0.28010.2036
MinimumVisualStudioVersion = 10.0.40219.1
Project("{FAE04EC0-301F-11D3-BF4B-00C04F79EFBC}") = "Oauth2Server", "Oauth2Server\Oauth2Server.csproj", "{5FE3AA2E-C7A6-4962-96B2-B636B7AF26A7}"
EndProject
Project("{FAE04EC0-301F-11D3-BF4B-00C04F79EFBC}") = "PasswordHandle", "PasswordHandle\PasswordHandle.csproj", "{EA252AB7-4782-431C-BF63-F6E0A92966B9}"
EndProject
Global
	GlobalSection(SolutionConfigurationPlatforms) = preSolution
		Debug|Any CPU = Debug|Any CPU
		Release|Any CPU = Release|Any CPU
	EndGlobalSection
	GlobalSection(ProjectConfigurationPlatforms) = postSolution
		{5FE3AA2E-C7A6-4962-96B2-B636B7AF26A7}.Debug|Any CPU.ActiveCfg = Debug|Any CPU
		{5FE3AA2E-C7A6-4962-96B2-B636B7AF26A7}.Debug|Any CPU.Build.0 = Debug|Any CPU
		{5FE3AA2E-C7A6-4962-96B2-B636B7AF26A7}.Release|Any CPU.ActiveCfg = Release|Any CPU
		{5FE3AA2E-C7A6-4962-96B2-B636B7AF26A7}.Release|Any CPU.Build.0 = Release|Any CPU
		{EA252AB7-4782-431C-BF63-F6E0A92966B9}.Debug|Any CPU.ActiveCfg = Debug|Any CPU
		{EA252AB7-4782-431C-BF63-F6E0A92966B9}.Debug|Any CPU.Build.0 = Debug|Any CPU
		{EA252AB7-4782-431C-BF63-F6E0A92966B9}.Release|Any CPU.ActiveCfg = Release|Any CPU
		{EA252AB7-4782-431C-BF63-F6E0A92966B9}.Release|Any CPU.Build.0 = Release|Any CPU
	EndGlobalSection
	GlobalSection(SolutionProperties) = preSolution
		HideSolutionNode = FALSE
	EndGlobalSection
	GlobalSection(ExtensibilityGlobals) = postSolution
		SolutionGuid = {97D27148-FA83-4429-A71C-5540AEAFC58B}
	EndGlobalSection
EndGlobal
